// !$*UTF8*$!
{
	archiveVersion = 1;
	classes = {
	};
	objectVersion = 46;
	objects = {

/* Begin PBXBuildFile section */
		00E356F31AD99517003FC87E /* MyNotesTests.m in Sources */ = {isa = PBXBuildFile; fileRef = 00E356F21AD99517003FC87E /* MyNotesTests.m */; };
		13B07FBC1A68108700A75B9A /* AppDelegate.m in Sources */ = {isa = PBXBuildFile; fileRef = 13B07FB01A68108700A75B9A /* AppDelegate.m */; };
		13B07FBF1A68108700A75B9A /* Images.xcassets in Resources */ = {isa = PBXBuildFile; fileRef = 13B07FB51A68108700A75B9A /* Images.xcassets */; };
		13B07FC11A68108700A75B9A /* main.m in Sources */ = {isa = PBXBuildFile; fileRef = 13B07FB71A68108700A75B9A /* main.m */; };
		2D02E4BC1E0B4A80006451C7 /* AppDelegate.m in Sources */ = {isa = PBXBuildFile; fileRef = 13B07FB01A68108700A75B9A /* AppDelegate.m */; };
		2D02E4BD1E0B4A84006451C7 /* Images.xcassets in Resources */ = {isa = PBXBuildFile; fileRef = 13B07FB51A68108700A75B9A /* Images.xcassets */; };
		2D02E4BF1E0B4AB3006451C7 /* main.m in Sources */ = {isa = PBXBuildFile; fileRef = 13B07FB71A68108700A75B9A /* main.m */; };
		2DCD954D1E0B4F2C00145EB5 /* MyNotesTests.m in Sources */ = {isa = PBXBuildFile; fileRef = 00E356F21AD99517003FC87E /* MyNotesTests.m */; };
		81AB9BB82411601600AC10FF /* LaunchScreen.storyboard in Resources */ = {isa = PBXBuildFile; fileRef = 81AB9BB72411601600AC10FF /* LaunchScreen.storyboard */; };
		93AD061178654C58B3120869 /* AntDesign.ttf in Resources */ = {isa = PBXBuildFile; fileRef = BC7B40117260482DBB615291 /* AntDesign.ttf */; };
		B1A3803FEA4E4BC087A22E85 /* Entypo.ttf in Resources */ = {isa = PBXBuildFile; fileRef = 3C323EE93C584E47904674AA /* Entypo.ttf */; };
		5CE94532B0A64C568F035E47 /* EvilIcons.ttf in Resources */ = {isa = PBXBuildFile; fileRef = BF0B92D5A1AA4B848447509F /* EvilIcons.ttf */; };
		3117C915899342A6AF4EAC85 /* Feather.ttf in Resources */ = {isa = PBXBuildFile; fileRef = 6B499F0CB50B4C1DAF6EC636 /* Feather.ttf */; };
		C64ACA894CAF4780BFBC5DDE /* FontAwesome.ttf in Resources */ = {isa = PBXBuildFile; fileRef = 5152803F16234C5FB77B6CF9 /* FontAwesome.ttf */; };
		E380CE3D6A784AF8AC9C95D3 /* FontAwesome5_Brands.ttf in Resources */ = {isa = PBXBuildFile; fileRef = 0BEB71D653244355A28108E8 /* FontAwesome5_Brands.ttf */; };
		2AB59519D9214E9BA71CE52F /* FontAwesome5_Regular.ttf in Resources */ = {isa = PBXBuildFile; fileRef = C95FB47422D54698B54823DB /* FontAwesome5_Regular.ttf */; };
		8304BD718BBE47F6BD718C22 /* FontAwesome5_Solid.ttf in Resources */ = {isa = PBXBuildFile; fileRef = 35AA93A15D8448B9AD29D28E /* FontAwesome5_Solid.ttf */; };
		186AB7E57AA342B7853834A7 /* Fontisto.ttf in Resources */ = {isa = PBXBuildFile; fileRef = 9FA70D44E9D142DCA0C7777C /* Fontisto.ttf */; };
		091F408DB41E4D6F94A498F0 /* Foundation.ttf in Resources */ = {isa = PBXBuildFile; fileRef = B469CEF73AF9429BA1B17728 /* Foundation.ttf */; };
		CFF77B7A2054433E9BBFBA81 /* Ionicons.ttf in Resources */ = {isa = PBXBuildFile; fileRef = AF532BBC62114D9AA7ADD2C3 /* Ionicons.ttf */; };
		4375181C3FD143C49FDF90A4 /* MaterialCommunityIcons.ttf in Resources */ = {isa = PBXBuildFile; fileRef = A2161B6AB38C43A6A5A7933F /* MaterialCommunityIcons.ttf */; };
		95B628D41631440897BDC5AD /* MaterialIcons.ttf in Resources */ = {isa = PBXBuildFile; fileRef = 6708960D265A4A5489B3AFA6 /* MaterialIcons.ttf */; };
		A321CF97588C4355A16B9270 /* Octicons.ttf in Resources */ = {isa = PBXBuildFile; fileRef = 4163B63987764693B36B3469 /* Octicons.ttf */; };
		45EC45F81D124542AFB13618 /* SimpleLineIcons.ttf in Resources */ = {isa = PBXBuildFile; fileRef = 0AC5988850964135A4DEC2D7 /* SimpleLineIcons.ttf */; };
		2CC93E08EDE7406F82573C14 /* Zocial.ttf in Resources */ = {isa = PBXBuildFile; fileRef = DE4AB2DE046945B1B2A661F8 /* Zocial.ttf */; };
		BF249DFB394B4964B358EC42 /* Montserrat-Black.ttf in Resources */ = {isa = PBXBuildFile; fileRef = 0089D2FB7F2A4FA0950C05C6 /* Montserrat-Black.ttf */; };
		22FA10A195824FFCA948BE28 /* Montserrat-BlackItalic.ttf in Resources */ = {isa = PBXBuildFile; fileRef = 358AFDAA98B242BC8E812884 /* Montserrat-BlackItalic.ttf */; };
		35CA662ADE864CDB8B10E7AC /* Montserrat-Bold.ttf in Resources */ = {isa = PBXBuildFile; fileRef = 6F015932949840B1BDE99722 /* Montserrat-Bold.ttf */; };
		973D76CAAC7446E8B57C631D /* Montserrat-BoldItalic.ttf in Resources */ = {isa = PBXBuildFile; fileRef = A896F3E643F84D8E8BE67B29 /* Montserrat-BoldItalic.ttf */; };
		BFD44BC67B174A31A53B0B07 /* Montserrat-ExtraBold.ttf in Resources */ = {isa = PBXBuildFile; fileRef = 85FBD028A4AB4AF3B3B34F49 /* Montserrat-ExtraBold.ttf */; };
		CA30C0E1984949A490B64CEE /* Montserrat-ExtraBoldItalic.ttf in Resources */ = {isa = PBXBuildFile; fileRef = 01880D87231849D7978431FD /* Montserrat-ExtraBoldItalic.ttf */; };
		F36B3CAA7BCC4EF0B1A908BC /* Montserrat-ExtraLight.ttf in Resources */ = {isa = PBXBuildFile; fileRef = 30BD7D94E2C3455D9A4BA96A /* Montserrat-ExtraLight.ttf */; };
		617DE2ABEF504261A25B5E02 /* Montserrat-ExtraLightItalic.ttf in Resources */ = {isa = PBXBuildFile; fileRef = 38A7D3EFB9FA49AE857610CC /* Montserrat-ExtraLightItalic.ttf */; };
		F55269583C6040FEBC7AE409 /* Montserrat-Italic.ttf in Resources */ = {isa = PBXBuildFile; fileRef = 947D8DAB62BC4A338726F6AA /* Montserrat-Italic.ttf */; };
		76A033606CEA466B82D9616D /* Montserrat-Light.ttf in Resources */ = {isa = PBXBuildFile; fileRef = 1D6F1D28D5E0485C966BC380 /* Montserrat-Light.ttf */; };
		35849A0B09DB4B4F8C8B91FB /* Montserrat-LightItalic.ttf in Resources */ = {isa = PBXBuildFile; fileRef = 88FC6007DAC04D7290A7C9F2 /* Montserrat-LightItalic.ttf */; };
		18727428925D4E5F97EEDBDF /* Montserrat-Medium.ttf in Resources */ = {isa = PBXBuildFile; fileRef = 913BF7D2287A4890B5EC60CA /* Montserrat-Medium.ttf */; };
		AD365D83951F4E6B97F37A60 /* Montserrat-MediumItalic.ttf in Resources */ = {isa = PBXBuildFile; fileRef = 8D2A423FFC3F4B17ADF4FD15 /* Montserrat-MediumItalic.ttf */; };
		8AAE14883F804ECCA9E13885 /* Montserrat-Regular.ttf in Resources */ = {isa = PBXBuildFile; fileRef = D282A57E1520443C8E919E02 /* Montserrat-Regular.ttf */; };
		1B3744B3037849719252F903 /* Montserrat-SemiBold.ttf in Resources */ = {isa = PBXBuildFile; fileRef = 85C4BDE64513402D98D0BACE /* Montserrat-SemiBold.ttf */; };
		17AF36B1C4A84A6B9592DD5A /* Montserrat-SemiBoldItalic.ttf in Resources */ = {isa = PBXBuildFile; fileRef = 1187036020DF4E8AA26CE0FC /* Montserrat-SemiBoldItalic.ttf */; };
		3CDABBB6FFAC4DAAA0E573A5 /* Montserrat-Thin.ttf in Resources */ = {isa = PBXBuildFile; fileRef = 5C7B7399CED442029EC65C4A /* Montserrat-Thin.ttf */; };
		A1AEB232F088421CBCBB77D2 /* Montserrat-ThinItalic.ttf in Resources */ = {isa = PBXBuildFile; fileRef = D5C8B2A6CA64403FA4A51F2C /* Montserrat-ThinItalic.ttf */; };
		BDB5C9F138284496A2551B9A /* NotoSansJP-Black.otf in Resources */ = {isa = PBXBuildFile; fileRef = 5F4C9116D22C424E9308B378 /* NotoSansJP-Black.otf */; };
		03D31B883D2F4833AE9B39DD /* NotoSansJP-Bold.otf in Resources */ = {isa = PBXBuildFile; fileRef = 943A1F5E3DAE47DFBCD40554 /* NotoSansJP-Bold.otf */; };
		141A7F6FAD43413AAC851C36 /* NotoSansJP-Light.otf in Resources */ = {isa = PBXBuildFile; fileRef = A60C890D8D1E43588E6206BA /* NotoSansJP-Light.otf */; };
		C097EFB958ED47C7B0A48E0C /* NotoSansJP-Medium.otf in Resources */ = {isa = PBXBuildFile; fileRef = 97CC2B4592E34D1AABCF5B76 /* NotoSansJP-Medium.otf */; };
		75671134ABFB4DEDB58A1E23 /* NotoSansJP-Regular.otf in Resources */ = {isa = PBXBuildFile; fileRef = DAAF776865984E44B3ECBAF1 /* NotoSansJP-Regular.otf */; };
		D2BC8840409543F0B0A3B457 /* NotoSansJP-Thin.otf in Resources */ = {isa = PBXBuildFile; fileRef = 99F4974412EC40E5BB0F2B5B /* NotoSansJP-Thin.otf */; };
		CE18AC165D0F40829EA9D8E5 /* Poppins-Black.ttf in Resources */ = {isa = PBXBuildFile; fileRef = D4497450EA3047808D10F4BA /* Poppins-Black.ttf */; };
		AB13F235359342DEA6B3C6FA /* Poppins-BlackItalic.ttf in Resources */ = {isa = PBXBuildFile; fileRef = 29D023B78B1D4962B25E0DA0 /* Poppins-BlackItalic.ttf */; };
		D9C2FDACFDE44432A04390ED /* Poppins-Bold.ttf in Resources */ = {isa = PBXBuildFile; fileRef = D4C3AF54DEA94727B6276DD3 /* Poppins-Bold.ttf */; };
		491AC40270904B0C9756BACF /* Poppins-BoldItalic.ttf in Resources */ = {isa = PBXBuildFile; fileRef = F4527347D9634B97A48C6A7D /* Poppins-BoldItalic.ttf */; };
		3D35AEB175E541DEA9C994C0 /* Poppins-ExtraBold.ttf in Resources */ = {isa = PBXBuildFile; fileRef = 4093880F2533470FA08DC2C0 /* Poppins-ExtraBold.ttf */; };
		B83B6690D610460C973E667F /* Poppins-ExtraBoldItalic.ttf in Resources */ = {isa = PBXBuildFile; fileRef = 0D98CF3904D34A22951B8F5E /* Poppins-ExtraBoldItalic.ttf */; };
		A6656D6BF89946C4BCD97ECA /* Poppins-ExtraLight.ttf in Resources */ = {isa = PBXBuildFile; fileRef = 090398D8D5B34125BF6C8FFC /* Poppins-ExtraLight.ttf */; };
		EC06886459D44B879A2773AC /* Poppins-ExtraLightItalic.ttf in Resources */ = {isa = PBXBuildFile; fileRef = 6ED2A18FD5E645798B601FB0 /* Poppins-ExtraLightItalic.ttf */; };
		76BBB776E6A9406696705370 /* Poppins-Italic.ttf in Resources */ = {isa = PBXBuildFile; fileRef = C6AC62E9E3C34D6DA3B7B411 /* Poppins-Italic.ttf */; };
		AB365BF8CB7741B082DA4A9F /* Poppins-Light.ttf in Resources */ = {isa = PBXBuildFile; fileRef = 3C14A244EC1C413E8D948903 /* Poppins-Light.ttf */; };
		919185F9379B4129AF8E4AF8 /* Poppins-LightItalic.ttf in Resources */ = {isa = PBXBuildFile; fileRef = 59C99FB5BC0840228B16C189 /* Poppins-LightItalic.ttf */; };
		3E981287BDEF43B7BA74AE9B /* Poppins-Medium.ttf in Resources */ = {isa = PBXBuildFile; fileRef = 00B21768968848FF9EB424E6 /* Poppins-Medium.ttf */; };
		9D26B02256F74FBF942B16C4 /* Poppins-MediumItalic.ttf in Resources */ = {isa = PBXBuildFile; fileRef = D259A9FACD084744AF2ACB78 /* Poppins-MediumItalic.ttf */; };
		1ADB27E649FD4956A28957D0 /* Poppins-Regular.ttf in Resources */ = {isa = PBXBuildFile; fileRef = AF34FB3A1765444EB2EF2FB0 /* Poppins-Regular.ttf */; };
		6E83796567B5453CB93293ED /* Poppins-SemiBold.ttf in Resources */ = {isa = PBXBuildFile; fileRef = 772BA59E5FC54599BDBE48AC /* Poppins-SemiBold.ttf */; };
		3A782889DCDE4A9DAC1D7AA6 /* Poppins-SemiBoldItalic.ttf in Resources */ = {isa = PBXBuildFile; fileRef = 162C0EFCA8144D83BF2F9F53 /* Poppins-SemiBoldItalic.ttf */; };
		B8ED51F7A476449A8CA456EE /* Poppins-Thin.ttf in Resources */ = {isa = PBXBuildFile; fileRef = 12E92B8D1EE84FBBB658D31C /* Poppins-Thin.ttf */; };
		D812160E8300495186BF08BC /* Poppins-ThinItalic.ttf in Resources */ = {isa = PBXBuildFile; fileRef = B5F32287A28B4AEEAE4A38E4 /* Poppins-ThinItalic.ttf */; };
		3EADEB131C52492CA7453169 /* Quicksand-Bold.ttf in Resources */ = {isa = PBXBuildFile; fileRef = B3BC48CEF6D943CE98978EF4 /* Quicksand-Bold.ttf */; };
		F8C25A28C66E4868B158CCC1 /* Quicksand-Light.ttf in Resources */ = {isa = PBXBuildFile; fileRef = 25C268CFD9CC46018C319108 /* Quicksand-Light.ttf */; };
		FF68B7F3A55A4C21A02E1D62 /* Quicksand-Medium.ttf in Resources */ = {isa = PBXBuildFile; fileRef = 4564E9253A454B69B6F698F9 /* Quicksand-Medium.ttf */; };
		AD897D401EA04B89A350ADA2 /* Quicksand-Regular.ttf in Resources */ = {isa = PBXBuildFile; fileRef = 517761E04FEE4A8EA4146571 /* Quicksand-Regular.ttf */; };
		C0B1EAEAA64041069C4C2C75 /* Quicksand-SemiBold.ttf in Resources */ = {isa = PBXBuildFile; fileRef = 6DCC8D50D21745C9BEEBDAF3 /* Quicksand-SemiBold.ttf */; };
/* End PBXBuildFile section */

/* Begin PBXContainerItemProxy section */
		00E356F41AD99517003FC87E /* PBXContainerItemProxy */ = {
			isa = PBXContainerItemProxy;
			containerPortal = 83CBB9F71A601CBA00E9B192 /* Project object */;
			proxyType = 1;
			remoteGlobalIDString = 13B07F861A680F5B00A75B9A;
			remoteInfo = MyNotes;
		};
		2D02E4911E0B4A5D006451C7 /* PBXContainerItemProxy */ = {
			isa = PBXContainerItemProxy;
			containerPortal = 83CBB9F71A601CBA00E9B192 /* Project object */;
			proxyType = 1;
			remoteGlobalIDString = 2D02E47A1E0B4A5D006451C7;
			remoteInfo = "MyNotes-tvOS";
		};
/* End PBXContainerItemProxy section */

/* Begin PBXFileReference section */
		008F07F21AC5B25A0029DE68 /* main.jsbundle */ = {isa = PBXFileReference; fileEncoding = 4; lastKnownFileType = text; path = main.jsbundle; sourceTree = "<group>"; };
		00E356EE1AD99517003FC87E /* MyNotesTests.xctest */ = {isa = PBXFileReference; explicitFileType = wrapper.cfbundle; includeInIndex = 0; path = MyNotesTests.xctest; sourceTree = BUILT_PRODUCTS_DIR; };
		00E356F11AD99517003FC87E /* Info.plist */ = {isa = PBXFileReference; lastKnownFileType = text.plist.xml; path = Info.plist; sourceTree = "<group>"; };
		00E356F21AD99517003FC87E /* MyNotesTests.m */ = {isa = PBXFileReference; lastKnownFileType = sourcecode.c.objc; path = MyNotesTests.m; sourceTree = "<group>"; };
		13B07F961A680F5B00A75B9A /* MyNotes.app */ = {isa = PBXFileReference; explicitFileType = wrapper.application; includeInIndex = 0; path = MyNotes.app; sourceTree = BUILT_PRODUCTS_DIR; };
		13B07FAF1A68108700A75B9A /* AppDelegate.h */ = {isa = PBXFileReference; fileEncoding = 4; lastKnownFileType = sourcecode.c.h; name = AppDelegate.h; path = MyNotes/AppDelegate.h; sourceTree = "<group>"; };
		13B07FB01A68108700A75B9A /* AppDelegate.m */ = {isa = PBXFileReference; fileEncoding = 4; lastKnownFileType = sourcecode.c.objc; name = AppDelegate.m; path = MyNotes/AppDelegate.m; sourceTree = "<group>"; };
		13B07FB51A68108700A75B9A /* Images.xcassets */ = {isa = PBXFileReference; lastKnownFileType = folder.assetcatalog; name = Images.xcassets; path = MyNotes/Images.xcassets; sourceTree = "<group>"; };
		13B07FB61A68108700A75B9A /* Info.plist */ = {isa = PBXFileReference; fileEncoding = 4; lastKnownFileType = text.plist.xml; name = Info.plist; path = MyNotes/Info.plist; sourceTree = "<group>"; };
		13B07FB71A68108700A75B9A /* main.m */ = {isa = PBXFileReference; fileEncoding = 4; lastKnownFileType = sourcecode.c.objc; name = main.m; path = MyNotes/main.m; sourceTree = "<group>"; };
		2D02E47B1E0B4A5D006451C7 /* MyNotes-tvOS.app */ = {isa = PBXFileReference; explicitFileType = wrapper.application; includeInIndex = 0; path = "MyNotes-tvOS.app"; sourceTree = BUILT_PRODUCTS_DIR; };
		2D02E4901E0B4A5D006451C7 /* MyNotes-tvOSTests.xctest */ = {isa = PBXFileReference; explicitFileType = wrapper.cfbundle; includeInIndex = 0; path = "MyNotes-tvOSTests.xctest"; sourceTree = BUILT_PRODUCTS_DIR; };
		81AB9BB72411601600AC10FF /* LaunchScreen.storyboard */ = {isa = PBXFileReference; fileEncoding = 4; lastKnownFileType = file.storyboard; name = LaunchScreen.storyboard; path = MyNotes/LaunchScreen.storyboard; sourceTree = "<group>"; };
		ED297162215061F000B7C4FE /* JavaScriptCore.framework */ = {isa = PBXFileReference; lastKnownFileType = wrapper.framework; name = JavaScriptCore.framework; path = System/Library/Frameworks/JavaScriptCore.framework; sourceTree = SDKROOT; };
		ED2971642150620600B7C4FE /* JavaScriptCore.framework */ = {isa = PBXFileReference; lastKnownFileType = wrapper.framework; name = JavaScriptCore.framework; path = Platforms/AppleTVOS.platform/Developer/SDKs/AppleTVOS12.0.sdk/System/Library/Frameworks/JavaScriptCore.framework; sourceTree = DEVELOPER_DIR; };
		BC7B40117260482DBB615291 /* AntDesign.ttf */ = {isa = PBXFileReference; name = "AntDesign.ttf"; path = "../node_modules/react-native-vector-icons/Fonts/AntDesign.ttf"; sourceTree = "<group>"; fileEncoding = undefined; lastKnownFileType = unknown; explicitFileType = undefined; includeInIndex = 0; };
		3C323EE93C584E47904674AA /* Entypo.ttf */ = {isa = PBXFileReference; name = "Entypo.ttf"; path = "../node_modules/react-native-vector-icons/Fonts/Entypo.ttf"; sourceTree = "<group>"; fileEncoding = undefined; lastKnownFileType = unknown; explicitFileType = undefined; includeInIndex = 0; };
		BF0B92D5A1AA4B848447509F /* EvilIcons.ttf */ = {isa = PBXFileReference; name = "EvilIcons.ttf"; path = "../node_modules/react-native-vector-icons/Fonts/EvilIcons.ttf"; sourceTree = "<group>"; fileEncoding = undefined; lastKnownFileType = unknown; explicitFileType = undefined; includeInIndex = 0; };
		6B499F0CB50B4C1DAF6EC636 /* Feather.ttf */ = {isa = PBXFileReference; name = "Feather.ttf"; path = "../node_modules/react-native-vector-icons/Fonts/Feather.ttf"; sourceTree = "<group>"; fileEncoding = undefined; lastKnownFileType = unknown; explicitFileType = undefined; includeInIndex = 0; };
		5152803F16234C5FB77B6CF9 /* FontAwesome.ttf */ = {isa = PBXFileReference; name = "FontAwesome.ttf"; path = "../node_modules/react-native-vector-icons/Fonts/FontAwesome.ttf"; sourceTree = "<group>"; fileEncoding = undefined; lastKnownFileType = unknown; explicitFileType = undefined; includeInIndex = 0; };
		0BEB71D653244355A28108E8 /* FontAwesome5_Brands.ttf */ = {isa = PBXFileReference; name = "FontAwesome5_Brands.ttf"; path = "../node_modules/react-native-vector-icons/Fonts/FontAwesome5_Brands.ttf"; sourceTree = "<group>"; fileEncoding = undefined; lastKnownFileType = unknown; explicitFileType = undefined; includeInIndex = 0; };
		C95FB47422D54698B54823DB /* FontAwesome5_Regular.ttf */ = {isa = PBXFileReference; name = "FontAwesome5_Regular.ttf"; path = "../node_modules/react-native-vector-icons/Fonts/FontAwesome5_Regular.ttf"; sourceTree = "<group>"; fileEncoding = undefined; lastKnownFileType = unknown; explicitFileType = undefined; includeInIndex = 0; };
		35AA93A15D8448B9AD29D28E /* FontAwesome5_Solid.ttf */ = {isa = PBXFileReference; name = "FontAwesome5_Solid.ttf"; path = "../node_modules/react-native-vector-icons/Fonts/FontAwesome5_Solid.ttf"; sourceTree = "<group>"; fileEncoding = undefined; lastKnownFileType = unknown; explicitFileType = undefined; includeInIndex = 0; };
		9FA70D44E9D142DCA0C7777C /* Fontisto.ttf */ = {isa = PBXFileReference; name = "Fontisto.ttf"; path = "../node_modules/react-native-vector-icons/Fonts/Fontisto.ttf"; sourceTree = "<group>"; fileEncoding = undefined; lastKnownFileType = unknown; explicitFileType = undefined; includeInIndex = 0; };
		B469CEF73AF9429BA1B17728 /* Foundation.ttf */ = {isa = PBXFileReference; name = "Foundation.ttf"; path = "../node_modules/react-native-vector-icons/Fonts/Foundation.ttf"; sourceTree = "<group>"; fileEncoding = undefined; lastKnownFileType = unknown; explicitFileType = undefined; includeInIndex = 0; };
		AF532BBC62114D9AA7ADD2C3 /* Ionicons.ttf */ = {isa = PBXFileReference; name = "Ionicons.ttf"; path = "../node_modules/react-native-vector-icons/Fonts/Ionicons.ttf"; sourceTree = "<group>"; fileEncoding = undefined; lastKnownFileType = unknown; explicitFileType = undefined; includeInIndex = 0; };
		A2161B6AB38C43A6A5A7933F /* MaterialCommunityIcons.ttf */ = {isa = PBXFileReference; name = "MaterialCommunityIcons.ttf"; path = "../node_modules/react-native-vector-icons/Fonts/MaterialCommunityIcons.ttf"; sourceTree = "<group>"; fileEncoding = undefined; lastKnownFileType = unknown; explicitFileType = undefined; includeInIndex = 0; };
		6708960D265A4A5489B3AFA6 /* MaterialIcons.ttf */ = {isa = PBXFileReference; name = "MaterialIcons.ttf"; path = "../node_modules/react-native-vector-icons/Fonts/MaterialIcons.ttf"; sourceTree = "<group>"; fileEncoding = undefined; lastKnownFileType = unknown; explicitFileType = undefined; includeInIndex = 0; };
		4163B63987764693B36B3469 /* Octicons.ttf */ = {isa = PBXFileReference; name = "Octicons.ttf"; path = "../node_modules/react-native-vector-icons/Fonts/Octicons.ttf"; sourceTree = "<group>"; fileEncoding = undefined; lastKnownFileType = unknown; explicitFileType = undefined; includeInIndex = 0; };
		0AC5988850964135A4DEC2D7 /* SimpleLineIcons.ttf */ = {isa = PBXFileReference; name = "SimpleLineIcons.ttf"; path = "../node_modules/react-native-vector-icons/Fonts/SimpleLineIcons.ttf"; sourceTree = "<group>"; fileEncoding = undefined; lastKnownFileType = unknown; explicitFileType = undefined; includeInIndex = 0; };
		DE4AB2DE046945B1B2A661F8 /* Zocial.ttf */ = {isa = PBXFileReference; name = "Zocial.ttf"; path = "../node_modules/react-native-vector-icons/Fonts/Zocial.ttf"; sourceTree = "<group>"; fileEncoding = undefined; lastKnownFileType = unknown; explicitFileType = undefined; includeInIndex = 0; };
		0089D2FB7F2A4FA0950C05C6 /* Montserrat-Black.ttf */ = {isa = PBXFileReference; name = "Montserrat-Black.ttf"; path = "../src/assets/fonts/Montserrat/Montserrat-Black.ttf"; sourceTree = "<group>"; fileEncoding = undefined; lastKnownFileType = unknown; explicitFileType = undefined; includeInIndex = 0; };
		358AFDAA98B242BC8E812884 /* Montserrat-BlackItalic.ttf */ = {isa = PBXFileReference; name = "Montserrat-BlackItalic.ttf"; path = "../src/assets/fonts/Montserrat/Montserrat-BlackItalic.ttf"; sourceTree = "<group>"; fileEncoding = undefined; lastKnownFileType = unknown; explicitFileType = undefined; includeInIndex = 0; };
		6F015932949840B1BDE99722 /* Montserrat-Bold.ttf */ = {isa = PBXFileReference; name = "Montserrat-Bold.ttf"; path = "../src/assets/fonts/Montserrat/Montserrat-Bold.ttf"; sourceTree = "<group>"; fileEncoding = undefined; lastKnownFileType = unknown; explicitFileType = undefined; includeInIndex = 0; };
		A896F3E643F84D8E8BE67B29 /* Montserrat-BoldItalic.ttf */ = {isa = PBXFileReference; name = "Montserrat-BoldItalic.ttf"; path = "../src/assets/fonts/Montserrat/Montserrat-BoldItalic.ttf"; sourceTree = "<group>"; fileEncoding = undefined; lastKnownFileType = unknown; explicitFileType = undefined; includeInIndex = 0; };
		85FBD028A4AB4AF3B3B34F49 /* Montserrat-ExtraBold.ttf */ = {isa = PBXFileReference; name = "Montserrat-ExtraBold.ttf"; path = "../src/assets/fonts/Montserrat/Montserrat-ExtraBold.ttf"; sourceTree = "<group>"; fileEncoding = undefined; lastKnownFileType = unknown; explicitFileType = undefined; includeInIndex = 0; };
		01880D87231849D7978431FD /* Montserrat-ExtraBoldItalic.ttf */ = {isa = PBXFileReference; name = "Montserrat-ExtraBoldItalic.ttf"; path = "../src/assets/fonts/Montserrat/Montserrat-ExtraBoldItalic.ttf"; sourceTree = "<group>"; fileEncoding = undefined; lastKnownFileType = unknown; explicitFileType = undefined; includeInIndex = 0; };
		30BD7D94E2C3455D9A4BA96A /* Montserrat-ExtraLight.ttf */ = {isa = PBXFileReference; name = "Montserrat-ExtraLight.ttf"; path = "../src/assets/fonts/Montserrat/Montserrat-ExtraLight.ttf"; sourceTree = "<group>"; fileEncoding = undefined; lastKnownFileType = unknown; explicitFileType = undefined; includeInIndex = 0; };
		38A7D3EFB9FA49AE857610CC /* Montserrat-ExtraLightItalic.ttf */ = {isa = PBXFileReference; name = "Montserrat-ExtraLightItalic.ttf"; path = "../src/assets/fonts/Montserrat/Montserrat-ExtraLightItalic.ttf"; sourceTree = "<group>"; fileEncoding = undefined; lastKnownFileType = unknown; explicitFileType = undefined; includeInIndex = 0; };
		947D8DAB62BC4A338726F6AA /* Montserrat-Italic.ttf */ = {isa = PBXFileReference; name = "Montserrat-Italic.ttf"; path = "../src/assets/fonts/Montserrat/Montserrat-Italic.ttf"; sourceTree = "<group>"; fileEncoding = undefined; lastKnownFileType = unknown; explicitFileType = undefined; includeInIndex = 0; };
		1D6F1D28D5E0485C966BC380 /* Montserrat-Light.ttf */ = {isa = PBXFileReference; name = "Montserrat-Light.ttf"; path = "../src/assets/fonts/Montserrat/Montserrat-Light.ttf"; sourceTree = "<group>"; fileEncoding = undefined; lastKnownFileType = unknown; explicitFileType = undefined; includeInIndex = 0; };
		88FC6007DAC04D7290A7C9F2 /* Montserrat-LightItalic.ttf */ = {isa = PBXFileReference; name = "Montserrat-LightItalic.ttf"; path = "../src/assets/fonts/Montserrat/Montserrat-LightItalic.ttf"; sourceTree = "<group>"; fileEncoding = undefined; lastKnownFileType = unknown; explicitFileType = undefined; includeInIndex = 0; };
		913BF7D2287A4890B5EC60CA /* Montserrat-Medium.ttf */ = {isa = PBXFileReference; name = "Montserrat-Medium.ttf"; path = "../src/assets/fonts/Montserrat/Montserrat-Medium.ttf"; sourceTree = "<group>"; fileEncoding = undefined; lastKnownFileType = unknown; explicitFileType = undefined; includeInIndex = 0; };
		8D2A423FFC3F4B17ADF4FD15 /* Montserrat-MediumItalic.ttf */ = {isa = PBXFileReference; name = "Montserrat-MediumItalic.ttf"; path = "../src/assets/fonts/Montserrat/Montserrat-MediumItalic.ttf"; sourceTree = "<group>"; fileEncoding = undefined; lastKnownFileType = unknown; explicitFileType = undefined; includeInIndex = 0; };
		D282A57E1520443C8E919E02 /* Montserrat-Regular.ttf */ = {isa = PBXFileReference; name = "Montserrat-Regular.ttf"; path = "../src/assets/fonts/Montserrat/Montserrat-Regular.ttf"; sourceTree = "<group>"; fileEncoding = undefined; lastKnownFileType = unknown; explicitFileType = undefined; includeInIndex = 0; };
		85C4BDE64513402D98D0BACE /* Montserrat-SemiBold.ttf */ = {isa = PBXFileReference; name = "Montserrat-SemiBold.ttf"; path = "../src/assets/fonts/Montserrat/Montserrat-SemiBold.ttf"; sourceTree = "<group>"; fileEncoding = undefined; lastKnownFileType = unknown; explicitFileType = undefined; includeInIndex = 0; };
		1187036020DF4E8AA26CE0FC /* Montserrat-SemiBoldItalic.ttf */ = {isa = PBXFileReference; name = "Montserrat-SemiBoldItalic.ttf"; path = "../src/assets/fonts/Montserrat/Montserrat-SemiBoldItalic.ttf"; sourceTree = "<group>"; fileEncoding = undefined; lastKnownFileType = unknown; explicitFileType = undefined; includeInIndex = 0; };
		5C7B7399CED442029EC65C4A /* Montserrat-Thin.ttf */ = {isa = PBXFileReference; name = "Montserrat-Thin.ttf"; path = "../src/assets/fonts/Montserrat/Montserrat-Thin.ttf"; sourceTree = "<group>"; fileEncoding = undefined; lastKnownFileType = unknown; explicitFileType = undefined; includeInIndex = 0; };
		D5C8B2A6CA64403FA4A51F2C /* Montserrat-ThinItalic.ttf */ = {isa = PBXFileReference; name = "Montserrat-ThinItalic.ttf"; path = "../src/assets/fonts/Montserrat/Montserrat-ThinItalic.ttf"; sourceTree = "<group>"; fileEncoding = undefined; lastKnownFileType = unknown; explicitFileType = undefined; includeInIndex = 0; };
		5F4C9116D22C424E9308B378 /* NotoSansJP-Black.otf */ = {isa = PBXFileReference; name = "NotoSansJP-Black.otf"; path = "../src/assets/fonts/NotoSans/NotoSansJP-Black.otf"; sourceTree = "<group>"; fileEncoding = undefined; lastKnownFileType = unknown; explicitFileType = undefined; includeInIndex = 0; };
		943A1F5E3DAE47DFBCD40554 /* NotoSansJP-Bold.otf */ = {isa = PBXFileReference; name = "NotoSansJP-Bold.otf"; path = "../src/assets/fonts/NotoSans/NotoSansJP-Bold.otf"; sourceTree = "<group>"; fileEncoding = undefined; lastKnownFileType = unknown; explicitFileType = undefined; includeInIndex = 0; };
		A60C890D8D1E43588E6206BA /* NotoSansJP-Light.otf */ = {isa = PBXFileReference; name = "NotoSansJP-Light.otf"; path = "../src/assets/fonts/NotoSans/NotoSansJP-Light.otf"; sourceTree = "<group>"; fileEncoding = undefined; lastKnownFileType = unknown; explicitFileType = undefined; includeInIndex = 0; };
		97CC2B4592E34D1AABCF5B76 /* NotoSansJP-Medium.otf */ = {isa = PBXFileReference; name = "NotoSansJP-Medium.otf"; path = "../src/assets/fonts/NotoSans/NotoSansJP-Medium.otf"; sourceTree = "<group>"; fileEncoding = undefined; lastKnownFileType = unknown; explicitFileType = undefined; includeInIndex = 0; };
		DAAF776865984E44B3ECBAF1 /* NotoSansJP-Regular.otf */ = {isa = PBXFileReference; name = "NotoSansJP-Regular.otf"; path = "../src/assets/fonts/NotoSans/NotoSansJP-Regular.otf"; sourceTree = "<group>"; fileEncoding = undefined; lastKnownFileType = unknown; explicitFileType = undefined; includeInIndex = 0; };
		99F4974412EC40E5BB0F2B5B /* NotoSansJP-Thin.otf */ = {isa = PBXFileReference; name = "NotoSansJP-Thin.otf"; path = "../src/assets/fonts/NotoSans/NotoSansJP-Thin.otf"; sourceTree = "<group>"; fileEncoding = undefined; lastKnownFileType = unknown; explicitFileType = undefined; includeInIndex = 0; };
		D4497450EA3047808D10F4BA /* Poppins-Black.ttf */ = {isa = PBXFileReference; name = "Poppins-Black.ttf"; path = "../src/assets/fonts/Poppins/Poppins-Black.ttf"; sourceTree = "<group>"; fileEncoding = undefined; lastKnownFileType = unknown; explicitFileType = undefined; includeInIndex = 0; };
		29D023B78B1D4962B25E0DA0 /* Poppins-BlackItalic.ttf */ = {isa = PBXFileReference; name = "Poppins-BlackItalic.ttf"; path = "../src/assets/fonts/Poppins/Poppins-BlackItalic.ttf"; sourceTree = "<group>"; fileEncoding = undefined; lastKnownFileType = unknown; explicitFileType = undefined; includeInIndex = 0; };
		D4C3AF54DEA94727B6276DD3 /* Poppins-Bold.ttf */ = {isa = PBXFileReference; name = "Poppins-Bold.ttf"; path = "../src/assets/fonts/Poppins/Poppins-Bold.ttf"; sourceTree = "<group>"; fileEncoding = undefined; lastKnownFileType = unknown; explicitFileType = undefined; includeInIndex = 0; };
		F4527347D9634B97A48C6A7D /* Poppins-BoldItalic.ttf */ = {isa = PBXFileReference; name = "Poppins-BoldItalic.ttf"; path = "../src/assets/fonts/Poppins/Poppins-BoldItalic.ttf"; sourceTree = "<group>"; fileEncoding = undefined; lastKnownFileType = unknown; explicitFileType = undefined; includeInIndex = 0; };
		4093880F2533470FA08DC2C0 /* Poppins-ExtraBold.ttf */ = {isa = PBXFileReference; name = "Poppins-ExtraBold.ttf"; path = "../src/assets/fonts/Poppins/Poppins-ExtraBold.ttf"; sourceTree = "<group>"; fileEncoding = undefined; lastKnownFileType = unknown; explicitFileType = undefined; includeInIndex = 0; };
		0D98CF3904D34A22951B8F5E /* Poppins-ExtraBoldItalic.ttf */ = {isa = PBXFileReference; name = "Poppins-ExtraBoldItalic.ttf"; path = "../src/assets/fonts/Poppins/Poppins-ExtraBoldItalic.ttf"; sourceTree = "<group>"; fileEncoding = undefined; lastKnownFileType = unknown; explicitFileType = undefined; includeInIndex = 0; };
		090398D8D5B34125BF6C8FFC /* Poppins-ExtraLight.ttf */ = {isa = PBXFileReference; name = "Poppins-ExtraLight.ttf"; path = "../src/assets/fonts/Poppins/Poppins-ExtraLight.ttf"; sourceTree = "<group>"; fileEncoding = undefined; lastKnownFileType = unknown; explicitFileType = undefined; includeInIndex = 0; };
		6ED2A18FD5E645798B601FB0 /* Poppins-ExtraLightItalic.ttf */ = {isa = PBXFileReference; name = "Poppins-ExtraLightItalic.ttf"; path = "../src/assets/fonts/Poppins/Poppins-ExtraLightItalic.ttf"; sourceTree = "<group>"; fileEncoding = undefined; lastKnownFileType = unknown; explicitFileType = undefined; includeInIndex = 0; };
		C6AC62E9E3C34D6DA3B7B411 /* Poppins-Italic.ttf */ = {isa = PBXFileReference; name = "Poppins-Italic.ttf"; path = "../src/assets/fonts/Poppins/Poppins-Italic.ttf"; sourceTree = "<group>"; fileEncoding = undefined; lastKnownFileType = unknown; explicitFileType = undefined; includeInIndex = 0; };
		3C14A244EC1C413E8D948903 /* Poppins-Light.ttf */ = {isa = PBXFileReference; name = "Poppins-Light.ttf"; path = "../src/assets/fonts/Poppins/Poppins-Light.ttf"; sourceTree = "<group>"; fileEncoding = undefined; lastKnownFileType = unknown; explicitFileType = undefined; includeInIndex = 0; };
		59C99FB5BC0840228B16C189 /* Poppins-LightItalic.ttf */ = {isa = PBXFileReference; name = "Poppins-LightItalic.ttf"; path = "../src/assets/fonts/Poppins/Poppins-LightItalic.ttf"; sourceTree = "<group>"; fileEncoding = undefined; lastKnownFileType = unknown; explicitFileType = undefined; includeInIndex = 0; };
		00B21768968848FF9EB424E6 /* Poppins-Medium.ttf */ = {isa = PBXFileReference; name = "Poppins-Medium.ttf"; path = "../src/assets/fonts/Poppins/Poppins-Medium.ttf"; sourceTree = "<group>"; fileEncoding = undefined; lastKnownFileType = unknown; explicitFileType = undefined; includeInIndex = 0; };
		D259A9FACD084744AF2ACB78 /* Poppins-MediumItalic.ttf */ = {isa = PBXFileReference; name = "Poppins-MediumItalic.ttf"; path = "../src/assets/fonts/Poppins/Poppins-MediumItalic.ttf"; sourceTree = "<group>"; fileEncoding = undefined; lastKnownFileType = unknown; explicitFileType = undefined; includeInIndex = 0; };
		AF34FB3A1765444EB2EF2FB0 /* Poppins-Regular.ttf */ = {isa = PBXFileReference; name = "Poppins-Regular.ttf"; path = "../src/assets/fonts/Poppins/Poppins-Regular.ttf"; sourceTree = "<group>"; fileEncoding = undefined; lastKnownFileType = unknown; explicitFileType = undefined; includeInIndex = 0; };
		772BA59E5FC54599BDBE48AC /* Poppins-SemiBold.ttf */ = {isa = PBXFileReference; name = "Poppins-SemiBold.ttf"; path = "../src/assets/fonts/Poppins/Poppins-SemiBold.ttf"; sourceTree = "<group>"; fileEncoding = undefined; lastKnownFileType = unknown; explicitFileType = undefined; includeInIndex = 0; };
		162C0EFCA8144D83BF2F9F53 /* Poppins-SemiBoldItalic.ttf */ = {isa = PBXFileReference; name = "Poppins-SemiBoldItalic.ttf"; path = "../src/assets/fonts/Poppins/Poppins-SemiBoldItalic.ttf"; sourceTree = "<group>"; fileEncoding = undefined; lastKnownFileType = unknown; explicitFileType = undefined; includeInIndex = 0; };
		12E92B8D1EE84FBBB658D31C /* Poppins-Thin.ttf */ = {isa = PBXFileReference; name = "Poppins-Thin.ttf"; path = "../src/assets/fonts/Poppins/Poppins-Thin.ttf"; sourceTree = "<group>"; fileEncoding = undefined; lastKnownFileType = unknown; explicitFileType = undefined; includeInIndex = 0; };
		B5F32287A28B4AEEAE4A38E4 /* Poppins-ThinItalic.ttf */ = {isa = PBXFileReference; name = "Poppins-ThinItalic.ttf"; path = "../src/assets/fonts/Poppins/Poppins-ThinItalic.ttf"; sourceTree = "<group>"; fileEncoding = undefined; lastKnownFileType = unknown; explicitFileType = undefined; includeInIndex = 0; };
		B3BC48CEF6D943CE98978EF4 /* Quicksand-Bold.ttf */ = {isa = PBXFileReference; name = "Quicksand-Bold.ttf"; path = "../src/assets/fonts/Quicksand/Quicksand-Bold.ttf"; sourceTree = "<group>"; fileEncoding = undefined; lastKnownFileType = unknown; explicitFileType = undefined; includeInIndex = 0; };
		25C268CFD9CC46018C319108 /* Quicksand-Light.ttf */ = {isa = PBXFileReference; name = "Quicksand-Light.ttf"; path = "../src/assets/fonts/Quicksand/Quicksand-Light.ttf"; sourceTree = "<group>"; fileEncoding = undefined; lastKnownFileType = unknown; explicitFileType = undefined; includeInIndex = 0; };
		4564E9253A454B69B6F698F9 /* Quicksand-Medium.ttf */ = {isa = PBXFileReference; name = "Quicksand-Medium.ttf"; path = "../src/assets/fonts/Quicksand/Quicksand-Medium.ttf"; sourceTree = "<group>"; fileEncoding = undefined; lastKnownFileType = unknown; explicitFileType = undefined; includeInIndex = 0; };
		517761E04FEE4A8EA4146571 /* Quicksand-Regular.ttf */ = {isa = PBXFileReference; name = "Quicksand-Regular.ttf"; path = "../src/assets/fonts/Quicksand/Quicksand-Regular.ttf"; sourceTree = "<group>"; fileEncoding = undefined; lastKnownFileType = unknown; explicitFileType = undefined; includeInIndex = 0; };
		6DCC8D50D21745C9BEEBDAF3 /* Quicksand-SemiBold.ttf */ = {isa = PBXFileReference; name = "Quicksand-SemiBold.ttf"; path = "../src/assets/fonts/Quicksand/Quicksand-SemiBold.ttf"; sourceTree = "<group>"; fileEncoding = undefined; lastKnownFileType = unknown; explicitFileType = undefined; includeInIndex = 0; };
/* End PBXFileReference section */

/* Begin PBXFrameworksBuildPhase section */
		00E356EB1AD99517003FC87E /* Frameworks */ = {
			isa = PBXFrameworksBuildPhase;
			buildActionMask = 2147483647;
			files = (
			);
			runOnlyForDeploymentPostprocessing = 0;
		};
		13B07F8C1A680F5B00A75B9A /* Frameworks */ = {
			isa = PBXFrameworksBuildPhase;
			buildActionMask = 2147483647;
			files = (
			);
			runOnlyForDeploymentPostprocessing = 0;
		};
		2D02E4781E0B4A5D006451C7 /* Frameworks */ = {
			isa = PBXFrameworksBuildPhase;
			buildActionMask = 2147483647;
			files = (
			);
			runOnlyForDeploymentPostprocessing = 0;
		};
		2D02E48D1E0B4A5D006451C7 /* Frameworks */ = {
			isa = PBXFrameworksBuildPhase;
			buildActionMask = 2147483647;
			files = (
			);
			runOnlyForDeploymentPostprocessing = 0;
		};
/* End PBXFrameworksBuildPhase section */

/* Begin PBXGroup section */
		00E356EF1AD99517003FC87E /* MyNotesTests */ = {
			isa = PBXGroup;
			children = (
				00E356F21AD99517003FC87E /* MyNotesTests.m */,
				00E356F01AD99517003FC87E /* Supporting Files */,
			);
			path = MyNotesTests;
			sourceTree = "<group>";
		};
		00E356F01AD99517003FC87E /* Supporting Files */ = {
			isa = PBXGroup;
			children = (
				00E356F11AD99517003FC87E /* Info.plist */,
			);
			name = "Supporting Files";
			sourceTree = "<group>";
		};
		13B07FAE1A68108700A75B9A /* MyNotes */ = {
			isa = PBXGroup;
			children = (
				008F07F21AC5B25A0029DE68 /* main.jsbundle */,
				13B07FAF1A68108700A75B9A /* AppDelegate.h */,
				13B07FB01A68108700A75B9A /* AppDelegate.m */,
				13B07FB51A68108700A75B9A /* Images.xcassets */,
				13B07FB61A68108700A75B9A /* Info.plist */,
				81AB9BB72411601600AC10FF /* LaunchScreen.storyboard */,
				13B07FB71A68108700A75B9A /* main.m */,
			);
			name = MyNotes;
			sourceTree = "<group>";
		};
		2D16E6871FA4F8E400B85C8A /* Frameworks */ = {
			isa = PBXGroup;
			children = (
				ED297162215061F000B7C4FE /* JavaScriptCore.framework */,
				ED2971642150620600B7C4FE /* JavaScriptCore.framework */,
			);
			name = Frameworks;
			sourceTree = "<group>";
		};
		832341AE1AAA6A7D00B99B32 /* Libraries */ = {
			isa = PBXGroup;
			children = (
			);
			name = Libraries;
			sourceTree = "<group>";
		};
		83CBB9F61A601CBA00E9B192 = {
			isa = PBXGroup;
			children = (
				13B07FAE1A68108700A75B9A /* MyNotes */,
				832341AE1AAA6A7D00B99B32 /* Libraries */,
				00E356EF1AD99517003FC87E /* MyNotesTests */,
				83CBBA001A601CBA00E9B192 /* Products */,
				2D16E6871FA4F8E400B85C8A /* Frameworks */,
				11888063E8B44A17BF5B8441 /* Resources */,
			);
			indentWidth = 2;
			sourceTree = "<group>";
			tabWidth = 2;
			usesTabs = 0;
		};
		83CBBA001A601CBA00E9B192 /* Products */ = {
			isa = PBXGroup;
			children = (
				13B07F961A680F5B00A75B9A /* MyNotes.app */,
				00E356EE1AD99517003FC87E /* MyNotesTests.xctest */,
				2D02E47B1E0B4A5D006451C7 /* MyNotes-tvOS.app */,
				2D02E4901E0B4A5D006451C7 /* MyNotes-tvOSTests.xctest */,
			);
			name = Products;
			sourceTree = "<group>";
		};
		11888063E8B44A17BF5B8441 /* Resources */ = {
			isa = "PBXGroup";
			children = (
				BC7B40117260482DBB615291 /* AntDesign.ttf */,
				3C323EE93C584E47904674AA /* Entypo.ttf */,
				BF0B92D5A1AA4B848447509F /* EvilIcons.ttf */,
				6B499F0CB50B4C1DAF6EC636 /* Feather.ttf */,
				5152803F16234C5FB77B6CF9 /* FontAwesome.ttf */,
				0BEB71D653244355A28108E8 /* FontAwesome5_Brands.ttf */,
				C95FB47422D54698B54823DB /* FontAwesome5_Regular.ttf */,
				35AA93A15D8448B9AD29D28E /* FontAwesome5_Solid.ttf */,
				9FA70D44E9D142DCA0C7777C /* Fontisto.ttf */,
				B469CEF73AF9429BA1B17728 /* Foundation.ttf */,
				AF532BBC62114D9AA7ADD2C3 /* Ionicons.ttf */,
				A2161B6AB38C43A6A5A7933F /* MaterialCommunityIcons.ttf */,
				6708960D265A4A5489B3AFA6 /* MaterialIcons.ttf */,
				4163B63987764693B36B3469 /* Octicons.ttf */,
				0AC5988850964135A4DEC2D7 /* SimpleLineIcons.ttf */,
				DE4AB2DE046945B1B2A661F8 /* Zocial.ttf */,
				0089D2FB7F2A4FA0950C05C6 /* Montserrat-Black.ttf */,
				358AFDAA98B242BC8E812884 /* Montserrat-BlackItalic.ttf */,
				6F015932949840B1BDE99722 /* Montserrat-Bold.ttf */,
				A896F3E643F84D8E8BE67B29 /* Montserrat-BoldItalic.ttf */,
				85FBD028A4AB4AF3B3B34F49 /* Montserrat-ExtraBold.ttf */,
				01880D87231849D7978431FD /* Montserrat-ExtraBoldItalic.ttf */,
				30BD7D94E2C3455D9A4BA96A /* Montserrat-ExtraLight.ttf */,
				38A7D3EFB9FA49AE857610CC /* Montserrat-ExtraLightItalic.ttf */,
				947D8DAB62BC4A338726F6AA /* Montserrat-Italic.ttf */,
				1D6F1D28D5E0485C966BC380 /* Montserrat-Light.ttf */,
				88FC6007DAC04D7290A7C9F2 /* Montserrat-LightItalic.ttf */,
				913BF7D2287A4890B5EC60CA /* Montserrat-Medium.ttf */,
				8D2A423FFC3F4B17ADF4FD15 /* Montserrat-MediumItalic.ttf */,
				D282A57E1520443C8E919E02 /* Montserrat-Regular.ttf */,
				85C4BDE64513402D98D0BACE /* Montserrat-SemiBold.ttf */,
				1187036020DF4E8AA26CE0FC /* Montserrat-SemiBoldItalic.ttf */,
				5C7B7399CED442029EC65C4A /* Montserrat-Thin.ttf */,
				D5C8B2A6CA64403FA4A51F2C /* Montserrat-ThinItalic.ttf */,
				5F4C9116D22C424E9308B378 /* NotoSansJP-Black.otf */,
				943A1F5E3DAE47DFBCD40554 /* NotoSansJP-Bold.otf */,
				A60C890D8D1E43588E6206BA /* NotoSansJP-Light.otf */,
				97CC2B4592E34D1AABCF5B76 /* NotoSansJP-Medium.otf */,
				DAAF776865984E44B3ECBAF1 /* NotoSansJP-Regular.otf */,
				99F4974412EC40E5BB0F2B5B /* NotoSansJP-Thin.otf */,
				D4497450EA3047808D10F4BA /* Poppins-Black.ttf */,
				29D023B78B1D4962B25E0DA0 /* Poppins-BlackItalic.ttf */,
				D4C3AF54DEA94727B6276DD3 /* Poppins-Bold.ttf */,
				F4527347D9634B97A48C6A7D /* Poppins-BoldItalic.ttf */,
				4093880F2533470FA08DC2C0 /* Poppins-ExtraBold.ttf */,
				0D98CF3904D34A22951B8F5E /* Poppins-ExtraBoldItalic.ttf */,
				090398D8D5B34125BF6C8FFC /* Poppins-ExtraLight.ttf */,
				6ED2A18FD5E645798B601FB0 /* Poppins-ExtraLightItalic.ttf */,
				C6AC62E9E3C34D6DA3B7B411 /* Poppins-Italic.ttf */,
				3C14A244EC1C413E8D948903 /* Poppins-Light.ttf */,
				59C99FB5BC0840228B16C189 /* Poppins-LightItalic.ttf */,
				00B21768968848FF9EB424E6 /* Poppins-Medium.ttf */,
				D259A9FACD084744AF2ACB78 /* Poppins-MediumItalic.ttf */,
				AF34FB3A1765444EB2EF2FB0 /* Poppins-Regular.ttf */,
				772BA59E5FC54599BDBE48AC /* Poppins-SemiBold.ttf */,
				162C0EFCA8144D83BF2F9F53 /* Poppins-SemiBoldItalic.ttf */,
				12E92B8D1EE84FBBB658D31C /* Poppins-Thin.ttf */,
				B5F32287A28B4AEEAE4A38E4 /* Poppins-ThinItalic.ttf */,
				B3BC48CEF6D943CE98978EF4 /* Quicksand-Bold.ttf */,
				25C268CFD9CC46018C319108 /* Quicksand-Light.ttf */,
				4564E9253A454B69B6F698F9 /* Quicksand-Medium.ttf */,
				517761E04FEE4A8EA4146571 /* Quicksand-Regular.ttf */,
				6DCC8D50D21745C9BEEBDAF3 /* Quicksand-SemiBold.ttf */,
			);
			name = Resources;
			sourceTree = "<group>";
			path = "";
		};
/* End PBXGroup section */

/* Begin PBXNativeTarget section */
		00E356ED1AD99517003FC87E /* MyNotesTests */ = {
			isa = PBXNativeTarget;
			buildConfigurationList = 00E357021AD99517003FC87E /* Build configuration list for PBXNativeTarget "MyNotesTests" */;
			buildPhases = (
				00E356EA1AD99517003FC87E /* Sources */,
				00E356EB1AD99517003FC87E /* Frameworks */,
				00E356EC1AD99517003FC87E /* Resources */,
			);
			buildRules = (
			);
			dependencies = (
				00E356F51AD99517003FC87E /* PBXTargetDependency */,
			);
			name = MyNotesTests;
			productName = MyNotesTests;
			productReference = 00E356EE1AD99517003FC87E /* MyNotesTests.xctest */;
			productType = "com.apple.product-type.bundle.unit-test";
		};
		13B07F861A680F5B00A75B9A /* MyNotes */ = {
			isa = PBXNativeTarget;
			buildConfigurationList = 13B07F931A680F5B00A75B9A /* Build configuration list for PBXNativeTarget "MyNotes" */;
			buildPhases = (
				FD10A7F022414F080027D42C /* Start Packager */,
				13B07F871A680F5B00A75B9A /* Sources */,
				13B07F8C1A680F5B00A75B9A /* Frameworks */,
				13B07F8E1A680F5B00A75B9A /* Resources */,
				00DD1BFF1BD5951E006B06BC /* Bundle React Native code and images */,
			);
			buildRules = (
			);
			dependencies = (
			);
			name = MyNotes;
			productName = MyNotes;
			productReference = 13B07F961A680F5B00A75B9A /* MyNotes.app */;
			productType = "com.apple.product-type.application";
		};
		2D02E47A1E0B4A5D006451C7 /* MyNotes-tvOS */ = {
			isa = PBXNativeTarget;
			buildConfigurationList = 2D02E4BA1E0B4A5E006451C7 /* Build configuration list for PBXNativeTarget "MyNotes-tvOS" */;
			buildPhases = (
				FD10A7F122414F3F0027D42C /* Start Packager */,
				2D02E4771E0B4A5D006451C7 /* Sources */,
				2D02E4781E0B4A5D006451C7 /* Frameworks */,
				2D02E4791E0B4A5D006451C7 /* Resources */,
				2D02E4CB1E0B4B27006451C7 /* Bundle React Native Code And Images */,
			);
			buildRules = (
			);
			dependencies = (
			);
			name = "MyNotes-tvOS";
			productName = "MyNotes-tvOS";
			productReference = 2D02E47B1E0B4A5D006451C7 /* MyNotes-tvOS.app */;
			productType = "com.apple.product-type.application";
		};
		2D02E48F1E0B4A5D006451C7 /* MyNotes-tvOSTests */ = {
			isa = PBXNativeTarget;
			buildConfigurationList = 2D02E4BB1E0B4A5E006451C7 /* Build configuration list for PBXNativeTarget "MyNotes-tvOSTests" */;
			buildPhases = (
				2D02E48C1E0B4A5D006451C7 /* Sources */,
				2D02E48D1E0B4A5D006451C7 /* Frameworks */,
				2D02E48E1E0B4A5D006451C7 /* Resources */,
			);
			buildRules = (
			);
			dependencies = (
				2D02E4921E0B4A5D006451C7 /* PBXTargetDependency */,
			);
			name = "MyNotes-tvOSTests";
			productName = "MyNotes-tvOSTests";
			productReference = 2D02E4901E0B4A5D006451C7 /* MyNotes-tvOSTests.xctest */;
			productType = "com.apple.product-type.bundle.unit-test";
		};
/* End PBXNativeTarget section */

/* Begin PBXProject section */
		83CBB9F71A601CBA00E9B192 /* Project object */ = {
			isa = PBXProject;
			attributes = {
				LastUpgradeCheck = 1130;
				TargetAttributes = {
					00E356ED1AD99517003FC87E = {
						CreatedOnToolsVersion = 6.2;
						TestTargetID = 13B07F861A680F5B00A75B9A;
					};
					13B07F861A680F5B00A75B9A = {
						LastSwiftMigration = 1120;
					};
					2D02E47A1E0B4A5D006451C7 = {
						CreatedOnToolsVersion = 8.2.1;
						ProvisioningStyle = Automatic;
					};
					2D02E48F1E0B4A5D006451C7 = {
						CreatedOnToolsVersion = 8.2.1;
						ProvisioningStyle = Automatic;
						TestTargetID = 2D02E47A1E0B4A5D006451C7;
					};
				};
			};
			buildConfigurationList = 83CBB9FA1A601CBA00E9B192 /* Build configuration list for PBXProject "MyNotes" */;
			compatibilityVersion = "Xcode 3.2";
			developmentRegion = en;
			hasScannedForEncodings = 0;
			knownRegions = (
				en,
				Base,
			);
			mainGroup = 83CBB9F61A601CBA00E9B192;
			productRefGroup = 83CBBA001A601CBA00E9B192 /* Products */;
			projectDirPath = "";
			projectRoot = "";
			targets = (
				13B07F861A680F5B00A75B9A /* MyNotes */,
				00E356ED1AD99517003FC87E /* MyNotesTests */,
				2D02E47A1E0B4A5D006451C7 /* MyNotes-tvOS */,
				2D02E48F1E0B4A5D006451C7 /* MyNotes-tvOSTests */,
			);
		};
/* End PBXProject section */

/* Begin PBXResourcesBuildPhase section */
		00E356EC1AD99517003FC87E /* Resources */ = {
			isa = PBXResourcesBuildPhase;
			buildActionMask = 2147483647;
			files = (
			);
			runOnlyForDeploymentPostprocessing = 0;
		};
		13B07F8E1A680F5B00A75B9A /* Resources */ = {
			isa = PBXResourcesBuildPhase;
			buildActionMask = 2147483647;
			files = (
				81AB9BB82411601600AC10FF /* LaunchScreen.storyboard in Resources */,
				13B07FBF1A68108700A75B9A /* Images.xcassets in Resources */,
				93AD061178654C58B3120869 /* AntDesign.ttf in Resources */,
				B1A3803FEA4E4BC087A22E85 /* Entypo.ttf in Resources */,
				5CE94532B0A64C568F035E47 /* EvilIcons.ttf in Resources */,
				3117C915899342A6AF4EAC85 /* Feather.ttf in Resources */,
				C64ACA894CAF4780BFBC5DDE /* FontAwesome.ttf in Resources */,
				E380CE3D6A784AF8AC9C95D3 /* FontAwesome5_Brands.ttf in Resources */,
				2AB59519D9214E9BA71CE52F /* FontAwesome5_Regular.ttf in Resources */,
				8304BD718BBE47F6BD718C22 /* FontAwesome5_Solid.ttf in Resources */,
				186AB7E57AA342B7853834A7 /* Fontisto.ttf in Resources */,
				091F408DB41E4D6F94A498F0 /* Foundation.ttf in Resources */,
				CFF77B7A2054433E9BBFBA81 /* Ionicons.ttf in Resources */,
				4375181C3FD143C49FDF90A4 /* MaterialCommunityIcons.ttf in Resources */,
				95B628D41631440897BDC5AD /* MaterialIcons.ttf in Resources */,
				A321CF97588C4355A16B9270 /* Octicons.ttf in Resources */,
				45EC45F81D124542AFB13618 /* SimpleLineIcons.ttf in Resources */,
				2CC93E08EDE7406F82573C14 /* Zocial.ttf in Resources */,
				BF249DFB394B4964B358EC42 /* Montserrat-Black.ttf in Resources */,
				22FA10A195824FFCA948BE28 /* Montserrat-BlackItalic.ttf in Resources */,
				35CA662ADE864CDB8B10E7AC /* Montserrat-Bold.ttf in Resources */,
				973D76CAAC7446E8B57C631D /* Montserrat-BoldItalic.ttf in Resources */,
				BFD44BC67B174A31A53B0B07 /* Montserrat-ExtraBold.ttf in Resources */,
				CA30C0E1984949A490B64CEE /* Montserrat-ExtraBoldItalic.ttf in Resources */,
				F36B3CAA7BCC4EF0B1A908BC /* Montserrat-ExtraLight.ttf in Resources */,
				617DE2ABEF504261A25B5E02 /* Montserrat-ExtraLightItalic.ttf in Resources */,
				F55269583C6040FEBC7AE409 /* Montserrat-Italic.ttf in Resources */,
				76A033606CEA466B82D9616D /* Montserrat-Light.ttf in Resources */,
				35849A0B09DB4B4F8C8B91FB /* Montserrat-LightItalic.ttf in Resources */,
				18727428925D4E5F97EEDBDF /* Montserrat-Medium.ttf in Resources */,
				AD365D83951F4E6B97F37A60 /* Montserrat-MediumItalic.ttf in Resources */,
				8AAE14883F804ECCA9E13885 /* Montserrat-Regular.ttf in Resources */,
				1B3744B3037849719252F903 /* Montserrat-SemiBold.ttf in Resources */,
				17AF36B1C4A84A6B9592DD5A /* Montserrat-SemiBoldItalic.ttf in Resources */,
				3CDABBB6FFAC4DAAA0E573A5 /* Montserrat-Thin.ttf in Resources */,
				A1AEB232F088421CBCBB77D2 /* Montserrat-ThinItalic.ttf in Resources */,
				BDB5C9F138284496A2551B9A /* NotoSansJP-Black.otf in Resources */,
				03D31B883D2F4833AE9B39DD /* NotoSansJP-Bold.otf in Resources */,
				141A7F6FAD43413AAC851C36 /* NotoSansJP-Light.otf in Resources */,
				C097EFB958ED47C7B0A48E0C /* NotoSansJP-Medium.otf in Resources */,
				75671134ABFB4DEDB58A1E23 /* NotoSansJP-Regular.otf in Resources */,
				D2BC8840409543F0B0A3B457 /* NotoSansJP-Thin.otf in Resources */,
				CE18AC165D0F40829EA9D8E5 /* Poppins-Black.ttf in Resources */,
				AB13F235359342DEA6B3C6FA /* Poppins-BlackItalic.ttf in Resources */,
				D9C2FDACFDE44432A04390ED /* Poppins-Bold.ttf in Resources */,
				491AC40270904B0C9756BACF /* Poppins-BoldItalic.ttf in Resources */,
				3D35AEB175E541DEA9C994C0 /* Poppins-ExtraBold.ttf in Resources */,
				B83B6690D610460C973E667F /* Poppins-ExtraBoldItalic.ttf in Resources */,
				A6656D6BF89946C4BCD97ECA /* Poppins-ExtraLight.ttf in Resources */,
				EC06886459D44B879A2773AC /* Poppins-ExtraLightItalic.ttf in Resources */,
				76BBB776E6A9406696705370 /* Poppins-Italic.ttf in Resources */,
				AB365BF8CB7741B082DA4A9F /* Poppins-Light.ttf in Resources */,
				919185F9379B4129AF8E4AF8 /* Poppins-LightItalic.ttf in Resources */,
				3E981287BDEF43B7BA74AE9B /* Poppins-Medium.ttf in Resources */,
				9D26B02256F74FBF942B16C4 /* Poppins-MediumItalic.ttf in Resources */,
				1ADB27E649FD4956A28957D0 /* Poppins-Regular.ttf in Resources */,
				6E83796567B5453CB93293ED /* Poppins-SemiBold.ttf in Resources */,
				3A782889DCDE4A9DAC1D7AA6 /* Poppins-SemiBoldItalic.ttf in Resources */,
				B8ED51F7A476449A8CA456EE /* Poppins-Thin.ttf in Resources */,
				D812160E8300495186BF08BC /* Poppins-ThinItalic.ttf in Resources */,
				3EADEB131C52492CA7453169 /* Quicksand-Bold.ttf in Resources */,
				F8C25A28C66E4868B158CCC1 /* Quicksand-Light.ttf in Resources */,
				FF68B7F3A55A4C21A02E1D62 /* Quicksand-Medium.ttf in Resources */,
				AD897D401EA04B89A350ADA2 /* Quicksand-Regular.ttf in Resources */,
				C0B1EAEAA64041069C4C2C75 /* Quicksand-SemiBold.ttf in Resources */,
			);
			runOnlyForDeploymentPostprocessing = 0;
		};
		2D02E4791E0B4A5D006451C7 /* Resources */ = {
			isa = PBXResourcesBuildPhase;
			buildActionMask = 2147483647;
			files = (
				2D02E4BD1E0B4A84006451C7 /* Images.xcassets in Resources */,
			);
			runOnlyForDeploymentPostprocessing = 0;
		};
		2D02E48E1E0B4A5D006451C7 /* Resources */ = {
			isa = PBXResourcesBuildPhase;
			buildActionMask = 2147483647;
			files = (
			);
			runOnlyForDeploymentPostprocessing = 0;
		};
/* End PBXResourcesBuildPhase section */

/* Begin PBXShellScriptBuildPhase section */
		00DD1BFF1BD5951E006B06BC /* Bundle React Native code and images */ = {
			isa = PBXShellScriptBuildPhase;
			buildActionMask = 2147483647;
			files = (
			);
			inputPaths = (
			);
			name = "Bundle React Native code and images";
			outputPaths = (
			);
			runOnlyForDeploymentPostprocessing = 0;
			shellPath = /bin/sh;
			shellScript = "export NODE_BINARY=node\n../node_modules/react-native/scripts/react-native-xcode.sh";
		};
		2D02E4CB1E0B4B27006451C7 /* Bundle React Native Code And Images */ = {
			isa = PBXShellScriptBuildPhase;
			buildActionMask = 2147483647;
			files = (
			);
			inputPaths = (
			);
			name = "Bundle React Native Code And Images";
			outputPaths = (
			);
			runOnlyForDeploymentPostprocessing = 0;
			shellPath = /bin/sh;
			shellScript = "export NODE_BINARY=node\n../node_modules/react-native/scripts/react-native-xcode.sh";
		};
		FD10A7F022414F080027D42C /* Start Packager */ = {
			isa = PBXShellScriptBuildPhase;
			buildActionMask = 2147483647;
			files = (
			);
			inputFileListPaths = (
			);
			inputPaths = (
			);
			name = "Start Packager";
			outputFileListPaths = (
			);
			outputPaths = (
			);
			runOnlyForDeploymentPostprocessing = 0;
			shellPath = /bin/sh;
			shellScript = "export RCT_METRO_PORT=\"${RCT_METRO_PORT:=8081}\"\necho \"export RCT_METRO_PORT=${RCT_METRO_PORT}\" > \"${SRCROOT}/../node_modules/react-native/scripts/.packager.env\"\nif [ -z \"${RCT_NO_LAUNCH_PACKAGER+xxx}\" ] ; then\n  if nc -w 5 -z localhost ${RCT_METRO_PORT} ; then\n    if ! curl -s \"http://localhost:${RCT_METRO_PORT}/status\" | grep -q \"packager-status:running\" ; then\n      echo \"Port ${RCT_METRO_PORT} already in use, packager is either not running or not running correctly\"\n      exit 2\n    fi\n  else\n    open \"$SRCROOT/../node_modules/react-native/scripts/launchPackager.command\" || echo \"Can't start packager automatically\"\n  fi\nfi\n";
			showEnvVarsInLog = 0;
		};
		FD10A7F122414F3F0027D42C /* Start Packager */ = {
			isa = PBXShellScriptBuildPhase;
			buildActionMask = 2147483647;
			files = (
			);
			inputFileListPaths = (
			);
			inputPaths = (
			);
			name = "Start Packager";
			outputFileListPaths = (
			);
			outputPaths = (
			);
			runOnlyForDeploymentPostprocessing = 0;
			shellPath = /bin/sh;
			shellScript = "export RCT_METRO_PORT=\"${RCT_METRO_PORT:=8081}\"\necho \"export RCT_METRO_PORT=${RCT_METRO_PORT}\" > \"${SRCROOT}/../node_modules/react-native/scripts/.packager.env\"\nif [ -z \"${RCT_NO_LAUNCH_PACKAGER+xxx}\" ] ; then\n  if nc -w 5 -z localhost ${RCT_METRO_PORT} ; then\n    if ! curl -s \"http://localhost:${RCT_METRO_PORT}/status\" | grep -q \"packager-status:running\" ; then\n      echo \"Port ${RCT_METRO_PORT} already in use, packager is either not running or not running correctly\"\n      exit 2\n    fi\n  else\n    open \"$SRCROOT/../node_modules/react-native/scripts/launchPackager.command\" || echo \"Can't start packager automatically\"\n  fi\nfi\n";
			showEnvVarsInLog = 0;
		};
/* End PBXShellScriptBuildPhase section */

/* Begin PBXSourcesBuildPhase section */
		00E356EA1AD99517003FC87E /* Sources */ = {
			isa = PBXSourcesBuildPhase;
			buildActionMask = 2147483647;
			files = (
				00E356F31AD99517003FC87E /* MyNotesTests.m in Sources */,
			);
			runOnlyForDeploymentPostprocessing = 0;
		};
		13B07F871A680F5B00A75B9A /* Sources */ = {
			isa = PBXSourcesBuildPhase;
			buildActionMask = 2147483647;
			files = (
				13B07FBC1A68108700A75B9A /* AppDelegate.m in Sources */,
				13B07FC11A68108700A75B9A /* main.m in Sources */,
			);
			runOnlyForDeploymentPostprocessing = 0;
		};
		2D02E4771E0B4A5D006451C7 /* Sources */ = {
			isa = PBXSourcesBuildPhase;
			buildActionMask = 2147483647;
			files = (
				2D02E4BF1E0B4AB3006451C7 /* main.m in Sources */,
				2D02E4BC1E0B4A80006451C7 /* AppDelegate.m in Sources */,
			);
			runOnlyForDeploymentPostprocessing = 0;
		};
		2D02E48C1E0B4A5D006451C7 /* Sources */ = {
			isa = PBXSourcesBuildPhase;
			buildActionMask = 2147483647;
			files = (
				2DCD954D1E0B4F2C00145EB5 /* MyNotesTests.m in Sources */,
			);
			runOnlyForDeploymentPostprocessing = 0;
		};
/* End PBXSourcesBuildPhase section */

/* Begin PBXTargetDependency section */
		00E356F51AD99517003FC87E /* PBXTargetDependency */ = {
			isa = PBXTargetDependency;
			target = 13B07F861A680F5B00A75B9A /* MyNotes */;
			targetProxy = 00E356F41AD99517003FC87E /* PBXContainerItemProxy */;
		};
		2D02E4921E0B4A5D006451C7 /* PBXTargetDependency */ = {
			isa = PBXTargetDependency;
			target = 2D02E47A1E0B4A5D006451C7 /* MyNotes-tvOS */;
			targetProxy = 2D02E4911E0B4A5D006451C7 /* PBXContainerItemProxy */;
		};
/* End PBXTargetDependency section */

/* Begin XCBuildConfiguration section */
		00E356F61AD99517003FC87E /* Debug */ = {
			isa = XCBuildConfiguration;
			buildSettings = {
				BUNDLE_LOADER = "$(TEST_HOST)";
				GCC_PREPROCESSOR_DEFINITIONS = (
					"DEBUG=1",
					"$(inherited)",
				);
				INFOPLIST_FILE = MyNotesTests/Info.plist;
				IPHONEOS_DEPLOYMENT_TARGET = 10.0;
				LD_RUNPATH_SEARCH_PATHS = "$(inherited) @executable_path/Frameworks @loader_path/Frameworks";
				OTHER_LDFLAGS = (
					"-ObjC",
					"-lc++",
					"$(inherited)",
				);
				PRODUCT_BUNDLE_IDENTIFIER = "org.reactjs.native.example.$(PRODUCT_NAME:rfc1034identifier)";
				PRODUCT_NAME = "$(TARGET_NAME)";
				TEST_HOST = "$(BUILT_PRODUCTS_DIR)/MyNotes.app/MyNotes";
			};
			name = Debug;
		};
		00E356F71AD99517003FC87E /* Release */ = {
			isa = XCBuildConfiguration;
			buildSettings = {
				BUNDLE_LOADER = "$(TEST_HOST)";
				COPY_PHASE_STRIP = NO;
				INFOPLIST_FILE = MyNotesTests/Info.plist;
				IPHONEOS_DEPLOYMENT_TARGET = 10.0;
				LD_RUNPATH_SEARCH_PATHS = "$(inherited) @executable_path/Frameworks @loader_path/Frameworks";
				OTHER_LDFLAGS = (
					"-ObjC",
					"-lc++",
					"$(inherited)",
				);
				PRODUCT_BUNDLE_IDENTIFIER = "org.reactjs.native.example.$(PRODUCT_NAME:rfc1034identifier)";
				PRODUCT_NAME = "$(TARGET_NAME)";
				TEST_HOST = "$(BUILT_PRODUCTS_DIR)/MyNotes.app/MyNotes";
			};
			name = Release;
		};
		13B07F941A680F5B00A75B9A /* Debug */ = {
			isa = XCBuildConfiguration;
			buildSettings = {
				ASSETCATALOG_COMPILER_APPICON_NAME = AppIcon;
				CLANG_ENABLE_MODULES = YES;
				CURRENT_PROJECT_VERSION = 1;
				ENABLE_BITCODE = NO;
				INFOPLIST_FILE = MyNotes/Info.plist;
				LD_RUNPATH_SEARCH_PATHS = "$(inherited) @executable_path/Frameworks";
				OTHER_LDFLAGS = (
					"$(inherited)",
					"-ObjC",
					"-lc++",
				);
				PRODUCT_BUNDLE_IDENTIFIER = "org.reactjs.native.example.$(PRODUCT_NAME:rfc1034identifier)";
				PRODUCT_NAME = MyNotes;
				SWIFT_OPTIMIZATION_LEVEL = "-Onone";
				SWIFT_VERSION = 5.0;
				VERSIONING_SYSTEM = "apple-generic";
			};
			name = Debug;
		};
		13B07F951A680F5B00A75B9A /* Release */ = {
			isa = XCBuildConfiguration;
			buildSettings = {
				ASSETCATALOG_COMPILER_APPICON_NAME = AppIcon;
				CLANG_ENABLE_MODULES = YES;
				CURRENT_PROJECT_VERSION = 1;
				INFOPLIST_FILE = MyNotes/Info.plist;
				LD_RUNPATH_SEARCH_PATHS = "$(inherited) @executable_path/Frameworks";
				OTHER_LDFLAGS = (
					"$(inherited)",
					"-ObjC",
					"-lc++",
				);
				PRODUCT_BUNDLE_IDENTIFIER = "org.reactjs.native.example.$(PRODUCT_NAME:rfc1034identifier)";
				PRODUCT_NAME = MyNotes;
				SWIFT_VERSION = 5.0;
				VERSIONING_SYSTEM = "apple-generic";
			};
			name = Release;
		};
		2D02E4971E0B4A5E006451C7 /* Debug */ = {
			isa = XCBuildConfiguration;
			buildSettings = {
				ASSETCATALOG_COMPILER_APPICON_NAME = "App Icon & Top Shelf Image";
				ASSETCATALOG_COMPILER_LAUNCHIMAGE_NAME = LaunchImage;
				CLANG_ANALYZER_NONNULL = YES;
				CLANG_WARN_DOCUMENTATION_COMMENTS = YES;
				CLANG_WARN_INFINITE_RECURSION = YES;
				CLANG_WARN_SUSPICIOUS_MOVE = YES;
				DEBUG_INFORMATION_FORMAT = dwarf;
				ENABLE_TESTABILITY = YES;
				GCC_NO_COMMON_BLOCKS = YES;
				INFOPLIST_FILE = "MyNotes-tvOS/Info.plist";
				LD_RUNPATH_SEARCH_PATHS = "$(inherited) @executable_path/Frameworks";
				OTHER_LDFLAGS = (
					"$(inherited)",
					"-ObjC",
					"-lc++",
				);
				PRODUCT_BUNDLE_IDENTIFIER = "org.reactjs.native.example.MyNotes-tvOS";
				PRODUCT_NAME = "$(TARGET_NAME)";
				SDKROOT = appletvos;
				TARGETED_DEVICE_FAMILY = 3;
				TVOS_DEPLOYMENT_TARGET = 10.0;
			};
			name = Debug;
		};
		2D02E4981E0B4A5E006451C7 /* Release */ = {
			isa = XCBuildConfiguration;
			buildSettings = {
				ASSETCATALOG_COMPILER_APPICON_NAME = "App Icon & Top Shelf Image";
				ASSETCATALOG_COMPILER_LAUNCHIMAGE_NAME = LaunchImage;
				CLANG_ANALYZER_NONNULL = YES;
				CLANG_WARN_DOCUMENTATION_COMMENTS = YES;
				CLANG_WARN_INFINITE_RECURSION = YES;
				CLANG_WARN_SUSPICIOUS_MOVE = YES;
				COPY_PHASE_STRIP = NO;
				DEBUG_INFORMATION_FORMAT = "dwarf-with-dsym";
				GCC_NO_COMMON_BLOCKS = YES;
				INFOPLIST_FILE = "MyNotes-tvOS/Info.plist";
				LD_RUNPATH_SEARCH_PATHS = "$(inherited) @executable_path/Frameworks";
				OTHER_LDFLAGS = (
					"$(inherited)",
					"-ObjC",
					"-lc++",
				);
				PRODUCT_BUNDLE_IDENTIFIER = "org.reactjs.native.example.MyNotes-tvOS";
				PRODUCT_NAME = "$(TARGET_NAME)";
				SDKROOT = appletvos;
				TARGETED_DEVICE_FAMILY = 3;
				TVOS_DEPLOYMENT_TARGET = 10.0;
			};
			name = Release;
		};
		2D02E4991E0B4A5E006451C7 /* Debug */ = {
			isa = XCBuildConfiguration;
			buildSettings = {
				BUNDLE_LOADER = "$(TEST_HOST)";
				CLANG_ANALYZER_NONNULL = YES;
				CLANG_WARN_DOCUMENTATION_COMMENTS = YES;
				CLANG_WARN_INFINITE_RECURSION = YES;
				CLANG_WARN_SUSPICIOUS_MOVE = YES;
				DEBUG_INFORMATION_FORMAT = dwarf;
				ENABLE_TESTABILITY = YES;
				GCC_NO_COMMON_BLOCKS = YES;
				INFOPLIST_FILE = "MyNotes-tvOSTests/Info.plist";
				LD_RUNPATH_SEARCH_PATHS = "$(inherited) @executable_path/Frameworks @loader_path/Frameworks";
				OTHER_LDFLAGS = (
					"$(inherited)",
					"-ObjC",
					"-lc++",
				);
				PRODUCT_BUNDLE_IDENTIFIER = "org.reactjs.native.example.MyNotes-tvOSTests";
				PRODUCT_NAME = "$(TARGET_NAME)";
				SDKROOT = appletvos;
				TEST_HOST = "$(BUILT_PRODUCTS_DIR)/MyNotes-tvOS.app/MyNotes-tvOS";
				TVOS_DEPLOYMENT_TARGET = 10.1;
			};
			name = Debug;
		};
		2D02E49A1E0B4A5E006451C7 /* Release */ = {
			isa = XCBuildConfiguration;
			buildSettings = {
				BUNDLE_LOADER = "$(TEST_HOST)";
				CLANG_ANALYZER_NONNULL = YES;
				CLANG_WARN_DOCUMENTATION_COMMENTS = YES;
				CLANG_WARN_INFINITE_RECURSION = YES;
				CLANG_WARN_SUSPICIOUS_MOVE = YES;
				COPY_PHASE_STRIP = NO;
				DEBUG_INFORMATION_FORMAT = "dwarf-with-dsym";
				GCC_NO_COMMON_BLOCKS = YES;
				INFOPLIST_FILE = "MyNotes-tvOSTests/Info.plist";
				LD_RUNPATH_SEARCH_PATHS = "$(inherited) @executable_path/Frameworks @loader_path/Frameworks";
				OTHER_LDFLAGS = (
					"$(inherited)",
					"-ObjC",
					"-lc++",
				);
				PRODUCT_BUNDLE_IDENTIFIER = "org.reactjs.native.example.MyNotes-tvOSTests";
				PRODUCT_NAME = "$(TARGET_NAME)";
				SDKROOT = appletvos;
				TEST_HOST = "$(BUILT_PRODUCTS_DIR)/MyNotes-tvOS.app/MyNotes-tvOS";
				TVOS_DEPLOYMENT_TARGET = 10.1;
			};
			name = Release;
		};
		83CBBA201A601CBA00E9B192 /* Debug */ = {
			isa = XCBuildConfiguration;
			buildSettings = {
				ALWAYS_SEARCH_USER_PATHS = NO;
				CLANG_ANALYZER_LOCALIZABILITY_NONLOCALIZED = YES;
				CLANG_CXX_LANGUAGE_STANDARD = "gnu++0x";
				CLANG_CXX_LIBRARY = "libc++";
				CLANG_ENABLE_MODULES = YES;
				CLANG_ENABLE_OBJC_ARC = YES;
				CLANG_WARN_BLOCK_CAPTURE_AUTORELEASING = YES;
				CLANG_WARN_BOOL_CONVERSION = YES;
				CLANG_WARN_COMMA = YES;
				CLANG_WARN_CONSTANT_CONVERSION = YES;
				CLANG_WARN_DEPRECATED_OBJC_IMPLEMENTATIONS = YES;
				CLANG_WARN_DIRECT_OBJC_ISA_USAGE = YES_ERROR;
				CLANG_WARN_EMPTY_BODY = YES;
				CLANG_WARN_ENUM_CONVERSION = YES;
				CLANG_WARN_INFINITE_RECURSION = YES;
				CLANG_WARN_INT_CONVERSION = YES;
				CLANG_WARN_NON_LITERAL_NULL_CONVERSION = YES;
				CLANG_WARN_OBJC_IMPLICIT_RETAIN_SELF = YES;
				CLANG_WARN_OBJC_LITERAL_CONVERSION = YES;
				CLANG_WARN_OBJC_ROOT_CLASS = YES_ERROR;
				CLANG_WARN_RANGE_LOOP_ANALYSIS = YES;
				CLANG_WARN_STRICT_PROTOTYPES = YES;
				CLANG_WARN_SUSPICIOUS_MOVE = YES;
				CLANG_WARN_UNREACHABLE_CODE = YES;
				CLANG_WARN__DUPLICATE_METHOD_MATCH = YES;
				"CODE_SIGN_IDENTITY[sdk=iphoneos*]" = "iPhone Developer";
				COPY_PHASE_STRIP = NO;
				ENABLE_STRICT_OBJC_MSGSEND = YES;
				ENABLE_TESTABILITY = YES;
				GCC_C_LANGUAGE_STANDARD = gnu99;
				GCC_DYNAMIC_NO_PIC = NO;
				GCC_NO_COMMON_BLOCKS = YES;
				GCC_OPTIMIZATION_LEVEL = 0;
				GCC_PREPROCESSOR_DEFINITIONS = (
					"DEBUG=1",
					"$(inherited)",
				);
				GCC_SYMBOLS_PRIVATE_EXTERN = NO;
				GCC_WARN_64_TO_32_BIT_CONVERSION = YES;
				GCC_WARN_ABOUT_RETURN_TYPE = YES_ERROR;
				GCC_WARN_UNDECLARED_SELECTOR = YES;
				GCC_WARN_UNINITIALIZED_AUTOS = YES_AGGRESSIVE;
				GCC_WARN_UNUSED_FUNCTION = YES;
				GCC_WARN_UNUSED_VARIABLE = YES;
				IPHONEOS_DEPLOYMENT_TARGET = 10.0;
				LD_RUNPATH_SEARCH_PATHS = "/usr/lib/swift $(inherited)";
				LIBRARY_SEARCH_PATHS = (
					"\"$(TOOLCHAIN_DIR)/usr/lib/swift/$(PLATFORM_NAME)\"",
					"\"$(TOOLCHAIN_DIR)/usr/lib/swift-5.0/$(PLATFORM_NAME)\"",
					"\"$(inherited)\"",
				);
				MTL_ENABLE_DEBUG_INFO = YES;
				ONLY_ACTIVE_ARCH = YES;
				SDKROOT = iphoneos;
			};
			name = Debug;
		};
		83CBBA211A601CBA00E9B192 /* Release */ = {
			isa = XCBuildConfiguration;
			buildSettings = {
				ALWAYS_SEARCH_USER_PATHS = NO;
				CLANG_ANALYZER_LOCALIZABILITY_NONLOCALIZED = YES;
				CLANG_CXX_LANGUAGE_STANDARD = "gnu++0x";
				CLANG_CXX_LIBRARY = "libc++";
				CLANG_ENABLE_MODULES = YES;
				CLANG_ENABLE_OBJC_ARC = YES;
				CLANG_WARN_BLOCK_CAPTURE_AUTORELEASING = YES;
				CLANG_WARN_BOOL_CONVERSION = YES;
				CLANG_WARN_COMMA = YES;
				CLANG_WARN_CONSTANT_CONVERSION = YES;
				CLANG_WARN_DEPRECATED_OBJC_IMPLEMENTATIONS = YES;
				CLANG_WARN_DIRECT_OBJC_ISA_USAGE = YES_ERROR;
				CLANG_WARN_EMPTY_BODY = YES;
				CLANG_WARN_ENUM_CONVERSION = YES;
				CLANG_WARN_INFINITE_RECURSION = YES;
				CLANG_WARN_INT_CONVERSION = YES;
				CLANG_WARN_NON_LITERAL_NULL_CONVERSION = YES;
				CLANG_WARN_OBJC_IMPLICIT_RETAIN_SELF = YES;
				CLANG_WARN_OBJC_LITERAL_CONVERSION = YES;
				CLANG_WARN_OBJC_ROOT_CLASS = YES_ERROR;
				CLANG_WARN_RANGE_LOOP_ANALYSIS = YES;
				CLANG_WARN_STRICT_PROTOTYPES = YES;
				CLANG_WARN_SUSPICIOUS_MOVE = YES;
				CLANG_WARN_UNREACHABLE_CODE = YES;
				CLANG_WARN__DUPLICATE_METHOD_MATCH = YES;
				"CODE_SIGN_IDENTITY[sdk=iphoneos*]" = "iPhone Developer";
				COPY_PHASE_STRIP = YES;
				ENABLE_NS_ASSERTIONS = NO;
				ENABLE_STRICT_OBJC_MSGSEND = YES;
				GCC_C_LANGUAGE_STANDARD = gnu99;
				GCC_NO_COMMON_BLOCKS = YES;
				GCC_WARN_64_TO_32_BIT_CONVERSION = YES;
				GCC_WARN_ABOUT_RETURN_TYPE = YES_ERROR;
				GCC_WARN_UNDECLARED_SELECTOR = YES;
				GCC_WARN_UNINITIALIZED_AUTOS = YES_AGGRESSIVE;
				GCC_WARN_UNUSED_FUNCTION = YES;
				GCC_WARN_UNUSED_VARIABLE = YES;
				IPHONEOS_DEPLOYMENT_TARGET = 10.0;
				LD_RUNPATH_SEARCH_PATHS = "/usr/lib/swift $(inherited)";
				LIBRARY_SEARCH_PATHS = (
					"\"$(TOOLCHAIN_DIR)/usr/lib/swift/$(PLATFORM_NAME)\"",
					"\"$(TOOLCHAIN_DIR)/usr/lib/swift-5.0/$(PLATFORM_NAME)\"",
					"\"$(inherited)\"",
				);
				MTL_ENABLE_DEBUG_INFO = NO;
				SDKROOT = iphoneos;
				VALIDATE_PRODUCT = YES;
			};
			name = Release;
		};
/* End XCBuildConfiguration section */

/* Begin XCConfigurationList section */
		00E357021AD99517003FC87E /* Build configuration list for PBXNativeTarget "MyNotesTests" */ = {
			isa = XCConfigurationList;
			buildConfigurations = (
				00E356F61AD99517003FC87E /* Debug */,
				00E356F71AD99517003FC87E /* Release */,
			);
			defaultConfigurationIsVisible = 0;
			defaultConfigurationName = Release;
		};
		13B07F931A680F5B00A75B9A /* Build configuration list for PBXNativeTarget "MyNotes" */ = {
			isa = XCConfigurationList;
			buildConfigurations = (
				13B07F941A680F5B00A75B9A /* Debug */,
				13B07F951A680F5B00A75B9A /* Release */,
			);
			defaultConfigurationIsVisible = 0;
			defaultConfigurationName = Release;
		};
		2D02E4BA1E0B4A5E006451C7 /* Build configuration list for PBXNativeTarget "MyNotes-tvOS" */ = {
			isa = XCConfigurationList;
			buildConfigurations = (
				2D02E4971E0B4A5E006451C7 /* Debug */,
				2D02E4981E0B4A5E006451C7 /* Release */,
			);
			defaultConfigurationIsVisible = 0;
			defaultConfigurationName = Release;
		};
		2D02E4BB1E0B4A5E006451C7 /* Build configuration list for PBXNativeTarget "MyNotes-tvOSTests" */ = {
			isa = XCConfigurationList;
			buildConfigurations = (
				2D02E4991E0B4A5E006451C7 /* Debug */,
				2D02E49A1E0B4A5E006451C7 /* Release */,
			);
			defaultConfigurationIsVisible = 0;
			defaultConfigurationName = Release;
		};
		83CBB9FA1A601CBA00E9B192 /* Build configuration list for PBXProject "MyNotes" */ = {
			isa = XCConfigurationList;
			buildConfigurations = (
				83CBBA201A601CBA00E9B192 /* Debug */,
				83CBBA211A601CBA00E9B192 /* Release */,
			);
			defaultConfigurationIsVisible = 0;
			defaultConfigurationName = Release;
		};
/* End XCConfigurationList section */
	};
	rootObject = 83CBB9F71A601CBA00E9B192 /* Project object */;
}
